
Microsoft Visual Studio Solution File, Format Version 12.00
# Visual Studio Version 16
VisualStudioVersion = 16.0.30413.136
MinimumVisualStudioVersion = 10.0.40219.1
Project("{2150E333-8FDC-42A3-9474-1A3956D46DE8}") = "Solution Items", "Solution Items", "{355DBC13-0AF8-400A-9E0B-F6DC8752092C}"
	ProjectSection(SolutionItems) = preProject
		CE-RCON.lua = CE-RCON.lua
		lua\CobaltCommands.lua = lua\CobaltCommands.lua
		lua\CobaltCompat.lua = lua\CobaltCompat.lua
		lua\CobaltConfigMngr.lua = lua\CobaltConfigMngr.lua
		CobaltDB.lua = CobaltDB.lua
		lua\CobaltDBconnector.lua = lua\CobaltDBconnector.lua
		lua\CobaltEssentials.lua = lua\CobaltEssentials.lua
		CobaltEssentialsLoader.lua = CobaltEssentialsLoader.lua
		lua\CobaltExtensions.lua = lua\CobaltExtensions.lua
		CobaltHeartbeat.lua = CobaltHeartbeat.lua
		lua\CobaltPlayerMngr.lua = lua\CobaltPlayerMngr.lua
		lua\CobaltUtils.lua = lua\CobaltUtils.lua
		extensions\exampleExtension.lua = extensions\exampleExtension.lua
		lua\json.lua = lua\json.lua
	EndProjectSection
EndProject
Global
	GlobalSection(SolutionProperties) = preSolution
		HideSolutionNode = FALSE
	EndGlobalSection
	GlobalSection(ExtensibilityGlobals) = postSolution
		SolutionGuid = {FAD62765-ED92-48D8-B56C-1688E5914971}
	EndGlobalSection
EndGlobal
